
Microsoft Visual Studio Solution File, Format Version 12.00
# Visual Studio Version 17
VisualStudioVersion = 17.11.35312.102
MinimumVisualStudioVersion = 10.0.40219.1
Project("{FAE04EC0-301F-11D3-BF4B-00C04F79EFBC}") = "Linked Lists", "Linked Lists.csproj", "{F79E0741-D2F9-4EDC-A07D-9BAC50D5B697}"
EndProject
Global
	GlobalSection(SolutionConfigurationPlatforms) = preSolution
		Debug|Any CPU = Debug|Any CPU
		Release|Any CPU = Release|Any CPU
	EndGlobalSection
	GlobalSection(ProjectConfigurationPlatforms) = postSolution
		{F79E0741-D2F9-4EDC-A07D-9BAC50D5B697}.Debug|Any CPU.ActiveCfg = Debug|Any CPU
		{F79E0741-D2F9-4EDC-A07D-9BAC50D5B697}.Debug|Any CPU.Build.0 = Debug|Any CPU
		{F79E0741-D2F9-4EDC-A07D-9BAC50D5B697}.Release|Any CPU.ActiveCfg = Release|Any CPU
		{F79E0741-D2F9-4EDC-A07D-9BAC50D5B697}.Release|Any CPU.Build.0 = Release|Any CPU
	EndGlobalSection
	GlobalSection(SolutionProperties) = preSolution
		HideSolutionNode = FALSE
	EndGlobalSection
	GlobalSection(ExtensibilityGlobals) = postSolution
		SolutionGuid = {BAC409CB-6E86-4237-BAE7-D43BDD637770}
	EndGlobalSection
EndGlobal
