
Microsoft Visual Studio Solution File, Format Version 12.00
# Visual Studio Version 17
VisualStudioVersion = 17.11.35312.102
MinimumVisualStudioVersion = 10.0.40219.1
Project("{FAE04EC0-301F-11D3-BF4B-00C04F79EFBC}") = "Linked_lists", "Linked_lists.csproj", "{5B658B8D-01AA-4753-BD86-20E1F8489642}"
EndProject
Global
	GlobalSection(SolutionConfigurationPlatforms) = preSolution
		Debug|Any CPU = Debug|Any CPU
		Release|Any CPU = Release|Any CPU
	EndGlobalSection
	GlobalSection(ProjectConfigurationPlatforms) = postSolution
		{5B658B8D-01AA-4753-BD86-20E1F8489642}.Debug|Any CPU.ActiveCfg = Debug|Any CPU
		{5B658B8D-01AA-4753-BD86-20E1F8489642}.Debug|Any CPU.Build.0 = Debug|Any CPU
		{5B658B8D-01AA-4753-BD86-20E1F8489642}.Release|Any CPU.ActiveCfg = Release|Any CPU
		{5B658B8D-01AA-4753-BD86-20E1F8489642}.Release|Any CPU.Build.0 = Release|Any CPU
	EndGlobalSection
	GlobalSection(SolutionProperties) = preSolution
		HideSolutionNode = FALSE
	EndGlobalSection
	GlobalSection(ExtensibilityGlobals) = postSolution
		SolutionGuid = {3B415A82-C400-4EAD-BF1D-610C1F0C0FDE}
	EndGlobalSection
EndGlobal
